
Microsoft Visual Studio Solution File, Format Version 12.00
# Visual Studio Version 16
VisualStudioVersion = 16.0.30611.23
MinimumVisualStudioVersion = 10.0.40219.1
Project("{FAE04EC0-301F-11D3-BF4B-00C04F79EFBC}") = "SOLID_Prensipleri", "SOLID_Prensipleri\SOLID_Prensipleri.csproj", "{A59897EE-9A45-4556-9520-81177C11F133}"
EndProject
Global
	GlobalSection(SolutionConfigurationPlatforms) = preSolution
		Debug|Any CPU = Debug|Any CPU
		Release|Any CPU = Release|Any CPU
	EndGlobalSection
	GlobalSection(ProjectConfigurationPlatforms) = postSolution
		{A59897EE-9A45-4556-9520-81177C11F133}.Debug|Any CPU.ActiveCfg = Debug|Any CPU
		{A59897EE-9A45-4556-9520-81177C11F133}.Debug|Any CPU.Build.0 = Debug|Any CPU
		{A59897EE-9A45-4556-9520-81177C11F133}.Release|Any CPU.ActiveCfg = Release|Any CPU
		{A59897EE-9A45-4556-9520-81177C11F133}.Release|Any CPU.Build.0 = Release|Any CPU
	EndGlobalSection
	GlobalSection(SolutionProperties) = preSolution
		HideSolutionNode = FALSE
	EndGlobalSection
	GlobalSection(ExtensibilityGlobals) = postSolution
		SolutionGuid = {E68BF80A-271B-43F9-9B03-220038B0532E}
	EndGlobalSection
EndGlobal
